
Microsoft Visual Studio Solution File, Format Version 12.00
# Visual Studio Version 17
VisualStudioVersion = 17.5.33627.172
MinimumVisualStudioVersion = 10.0.40219.1
Project("{9A19103F-16F7-4668-BE54-9A1E7A4F7556}") = "LandingPage.API", "src\LandigPage.API\LandingPage.API.csproj", "{BEDBCC0B-E492-4E9E-9487-92EA609DC03D}"
EndProject
Global
	GlobalSection(SolutionConfigurationPlatforms) = preSolution
		Debug|Any CPU = Debug|Any CPU
		Release|Any CPU = Release|Any CPU
	EndGlobalSection
	GlobalSection(ProjectConfigurationPlatforms) = postSolution
		{BEDBCC0B-E492-4E9E-9487-92EA609DC03D}.Debug|Any CPU.ActiveCfg = Debug|Any CPU
		{BEDBCC0B-E492-4E9E-9487-92EA609DC03D}.Debug|Any CPU.Build.0 = Debug|Any CPU
		{BEDBCC0B-E492-4E9E-9487-92EA609DC03D}.Release|Any CPU.ActiveCfg = Release|Any CPU
		{BEDBCC0B-E492-4E9E-9487-92EA609DC03D}.Release|Any CPU.Build.0 = Release|Any CPU
	EndGlobalSection
	GlobalSection(SolutionProperties) = preSolution
		HideSolutionNode = FALSE
	EndGlobalSection
	GlobalSection(ExtensibilityGlobals) = postSolution
		SolutionGuid = {38CB4249-82FF-4D5E-A53E-D56B997A521E}
	EndGlobalSection
EndGlobal
